
Microsoft Visual Studio Solution File, Format Version 12.00
# Visual Studio Version 16
VisualStudioVersion = 16.0.31229.75
MinimumVisualStudioVersion = 10.0.40219.1
Project("{FAE04EC0-301F-11D3-BF4B-00C04F79EFBC}") = "ParralelProgrammingExamples", "ParralelProgrammingExamples\ParralelProgrammingExamples.csproj", "{41430696-13E6-4447-9CBB-593A0638EC29}"
EndProject
Global
	GlobalSection(SolutionConfigurationPlatforms) = preSolution
		Debug|Any CPU = Debug|Any CPU
		Release|Any CPU = Release|Any CPU
	EndGlobalSection
	GlobalSection(ProjectConfigurationPlatforms) = postSolution
		{41430696-13E6-4447-9CBB-593A0638EC29}.Debug|Any CPU.ActiveCfg = Debug|Any CPU
		{41430696-13E6-4447-9CBB-593A0638EC29}.Debug|Any CPU.Build.0 = Debug|Any CPU
		{41430696-13E6-4447-9CBB-593A0638EC29}.Release|Any CPU.ActiveCfg = Release|Any CPU
		{41430696-13E6-4447-9CBB-593A0638EC29}.Release|Any CPU.Build.0 = Release|Any CPU
	EndGlobalSection
	GlobalSection(SolutionProperties) = preSolution
		HideSolutionNode = FALSE
	EndGlobalSection
	GlobalSection(ExtensibilityGlobals) = postSolution
		SolutionGuid = {CC686C95-91E9-4712-B544-8305BF1B8478}
	EndGlobalSection
EndGlobal
